{
  "version": "5",
  "specifiers": {
    "npm:@ant-design/icons@^5.3.0": "5.6.1_react@19.0.0_react-dom@19.0.0__react@19.0.0",
    "npm:@deno/vite-plugin@^1.0.4": "1.0.4_vite@6.2.3",
    "npm:@types/react-dom@^19.0.4": "19.0.4_@types+react@19.0.12",
    "npm:@types/react@^19.0.10": "19.0.12",
    "npm:@vitejs/plugin-react-swc@^3.8.0": "3.8.1_vite@6.2.3",
    "npm:antd@^5.15.0": "5.24.5_react@19.0.0_react-dom@19.0.0__react@19.0.0_dayjs@1.11.13",
    "npm:react-dom@19": "19.0.0_react@19.0.0",
    "npm:react@19": "19.0.0",
    "npm:vite@*": "6.2.3",
    "npm:vite@^6.1.1": "6.2.3"
  },
  "npm": {
    "@ant-design/colors@7.2.0": {
      "integrity": "sha512-bjTObSnZ9C/O8MB/B4OUtd/q9COomuJAR2SYfhxLyHvCKn4EKwCN3e+fWGMo7H5InAyV0wL17jdE9ALrdOW/6A==",
      "dependencies": [
        "@ant-design/fast-color"
      ]
    },
    "@ant-design/cssinjs-utils@1.1.3_react@19.0.0_react-dom@19.0.0__react@19.0.0": {
      "integrity": "sha512-nOoQMLW1l+xR1Co8NFVYiP8pZp3VjIIzqV6D6ShYF2ljtdwWJn5WSsH+7kvCktXL/yhEtWURKOfH5Xz/gzlwsg==",
      "dependencies": [
        "@ant-design/cssinjs",
        "@babel/runtime",
        "rc-util",
        "react",
        "react-dom"
      ]
    },
    "@ant-design/cssinjs@1.23.0_react@19.0.0_react-dom@19.0.0__react@19.0.0": {
      "integrity": "sha512-7GAg9bD/iC9ikWatU9ym+P9ugJhi/WbsTWzcKN6T4gU0aehsprtke1UAaaSxxkjjmkJb3llet/rbUSLPgwlY4w==",
      "dependencies": [
        "@babel/runtime",
        "@emotion/hash",
        "@emotion/unitless",
        "classnames",
        "csstype",
        "rc-util",
        "react",
        "react-dom",
        "stylis"
      ]
    },
    "@ant-design/fast-color@2.0.6": {
      "integrity": "sha512-y2217gk4NqL35giHl72o6Zzqji9O7vHh9YmhUVkPtAOpoTCH4uWxo/pr4VE8t0+ChEPs0qo4eJRC5Q1eXWo3vA==",
      "dependencies": [
        "@babel/runtime"
      ]
    },
    "@ant-design/icons-svg@4.4.2": {
      "integrity": "sha512-vHbT+zJEVzllwP+CM+ul7reTEfBR0vgxFe7+lREAsAA7YGsYpboiq2sQNeQeRvh09GfQgs/GyFEvZpJ9cLXpXA=="
    },
    "@ant-design/icons@5.6.1_react@19.0.0_react-dom@19.0.0__react@19.0.0": {
      "integrity": "sha512-0/xS39c91WjPAZOWsvi1//zjx6kAp4kxWwctR6kuU6p133w8RU0D2dSCvZC19uQyharg/sAvYxGYWl01BbZZfg==",
      "dependencies": [
        "@ant-design/colors",
        "@ant-design/icons-svg",
        "@babel/runtime",
        "classnames",
        "rc-util",
        "react",
        "react-dom"
      ]
    },
    "@ant-design/react-slick@1.1.2_react@19.0.0": {
      "integrity": "sha512-EzlvzE6xQUBrZuuhSAFTdsr4P2bBBHGZwKFemEfq8gIGyIQCxalYfZW/T2ORbtQx5rU69o+WycP3exY/7T1hGA==",
      "dependencies": [
        "@babel/runtime",
        "classnames",
        "json2mq",
        "react",
        "resize-observer-polyfill",
        "throttle-debounce"
      ]
    },
    "@babel/runtime@7.27.0": {
      "integrity": "sha512-VtPOkrdPHZsKc/clNqyi9WUA8TINkZ4cGk63UUE3u4pmB2k+ZMQRDuIOagv8UVd6j7k0T3+RRIb7beKTebNbcw==",
      "dependencies": [
        "regenerator-runtime"
      ]
    },
    "@deno/vite-plugin@1.0.4_vite@6.2.3": {
      "integrity": "sha512-xg8YT8Wn2sGXSnJgiGTpBGX1Dov0c6fd1rAp8VsfrCUtyBRRWzwVMAnd3fQ4yq8h7LSVvJUxEFN4U421k/DQLA==",
      "dependencies": [
        "vite"
      ]
    },
    "@emotion/hash@0.8.0": {
      "integrity": "sha512-kBJtf7PH6aWwZ6fka3zQ0p6SBYzx4fl1LoZXE2RrnYST9Xljm7WfKJrU4g/Xr3Beg72MLrp1AWNUmuYJTL7Cow=="
    },
    "@emotion/unitless@0.7.5": {
      "integrity": "sha512-OWORNpfjMsSSUBVrRBVGECkhWcULOAJz9ZW8uK9qgxD+87M7jHRcvh/A96XXNhXTLmKcoYSQtBEX7lHMO7YRwg=="
    },
    "@esbuild/aix-ppc64@0.25.1": {
      "integrity": "sha512-kfYGy8IdzTGy+z0vFGvExZtxkFlA4zAxgKEahG9KE1ScBjpQnFsNOX8KTU5ojNru5ed5CVoJYXFtoxaq5nFbjQ==",
      "os": ["aix"],
      "cpu": ["ppc64"]
    },
    "@esbuild/android-arm64@0.25.1": {
      "integrity": "sha512-50tM0zCJW5kGqgG7fQ7IHvQOcAn9TKiVRuQ/lN0xR+T2lzEFvAi1ZcS8DiksFcEpf1t/GYOeOfCAgDHFpkiSmA==",
      "os": ["android"],
      "cpu": ["arm64"]
    },
    "@esbuild/android-arm@0.25.1": {
      "integrity": "sha512-dp+MshLYux6j/JjdqVLnMglQlFu+MuVeNrmT5nk6q07wNhCdSnB7QZj+7G8VMUGh1q+vj2Bq8kRsuyA00I/k+Q==",
      "os": ["android"],
      "cpu": ["arm"]
    },
    "@esbuild/android-x64@0.25.1": {
      "integrity": "sha512-GCj6WfUtNldqUzYkN/ITtlhwQqGWu9S45vUXs7EIYf+7rCiiqH9bCloatO9VhxsL0Pji+PF4Lz2XXCES+Q8hDw==",
      "os": ["android"],
      "cpu": ["x64"]
    },
    "@esbuild/darwin-arm64@0.25.1": {
      "integrity": "sha512-5hEZKPf+nQjYoSr/elb62U19/l1mZDdqidGfmFutVUjjUZrOazAtwK+Kr+3y0C/oeJfLlxo9fXb1w7L+P7E4FQ==",
      "os": ["darwin"],
      "cpu": ["arm64"]
    },
    "@esbuild/darwin-x64@0.25.1": {
      "integrity": "sha512-hxVnwL2Dqs3fM1IWq8Iezh0cX7ZGdVhbTfnOy5uURtao5OIVCEyj9xIzemDi7sRvKsuSdtCAhMKarxqtlyVyfA==",
      "os": ["darwin"],
      "cpu": ["x64"]
    },
    "@esbuild/freebsd-arm64@0.25.1": {
      "integrity": "sha512-1MrCZs0fZa2g8E+FUo2ipw6jw5qqQiH+tERoS5fAfKnRx6NXH31tXBKI3VpmLijLH6yriMZsxJtaXUyFt/8Y4A==",
      "os": ["freebsd"],
      "cpu": ["arm64"]
    },
    "@esbuild/freebsd-x64@0.25.1": {
      "integrity": "sha512-0IZWLiTyz7nm0xuIs0q1Y3QWJC52R8aSXxe40VUxm6BB1RNmkODtW6LHvWRrGiICulcX7ZvyH6h5fqdLu4gkww==",
      "os": ["freebsd"],
      "cpu": ["x64"]
    },
    "@esbuild/linux-arm64@0.25.1": {
      "integrity": "sha512-jaN3dHi0/DDPelk0nLcXRm1q7DNJpjXy7yWaWvbfkPvI+7XNSc/lDOnCLN7gzsyzgu6qSAmgSvP9oXAhP973uQ==",
      "os": ["linux"],
      "cpu": ["arm64"]
    },
    "@esbuild/linux-arm@0.25.1": {
      "integrity": "sha512-NdKOhS4u7JhDKw9G3cY6sWqFcnLITn6SqivVArbzIaf3cemShqfLGHYMx8Xlm/lBit3/5d7kXvriTUGa5YViuQ==",
      "os": ["linux"],
      "cpu": ["arm"]
    },
    "@esbuild/linux-ia32@0.25.1": {
      "integrity": "sha512-OJykPaF4v8JidKNGz8c/q1lBO44sQNUQtq1KktJXdBLn1hPod5rE/Hko5ugKKZd+D2+o1a9MFGUEIUwO2YfgkQ==",
      "os": ["linux"],
      "cpu": ["ia32"]
    },
    "@esbuild/linux-loong64@0.25.1": {
      "integrity": "sha512-nGfornQj4dzcq5Vp835oM/o21UMlXzn79KobKlcs3Wz9smwiifknLy4xDCLUU0BWp7b/houtdrgUz7nOGnfIYg==",
      "os": ["linux"],
      "cpu": ["loong64"]
    },
    "@esbuild/linux-mips64el@0.25.1": {
      "integrity": "sha512-1osBbPEFYwIE5IVB/0g2X6i1qInZa1aIoj1TdL4AaAb55xIIgbg8Doq6a5BzYWgr+tEcDzYH67XVnTmUzL+nXg==",
      "os": ["linux"],
      "cpu": ["mips64el"]
    },
    "@esbuild/linux-ppc64@0.25.1": {
      "integrity": "sha512-/6VBJOwUf3TdTvJZ82qF3tbLuWsscd7/1w+D9LH0W/SqUgM5/JJD0lrJ1fVIfZsqB6RFmLCe0Xz3fmZc3WtyVg==",
      "os": ["linux"],
      "cpu": ["ppc64"]
    },
    "@esbuild/linux-riscv64@0.25.1": {
      "integrity": "sha512-nSut/Mx5gnilhcq2yIMLMe3Wl4FK5wx/o0QuuCLMtmJn+WeWYoEGDN1ipcN72g1WHsnIbxGXd4i/MF0gTcuAjQ==",
      "os": ["linux"],
      "cpu": ["riscv64"]
    },
    "@esbuild/linux-s390x@0.25.1": {
      "integrity": "sha512-cEECeLlJNfT8kZHqLarDBQso9a27o2Zd2AQ8USAEoGtejOrCYHNtKP8XQhMDJMtthdF4GBmjR2au3x1udADQQQ==",
      "os": ["linux"],
      "cpu": ["s390x"]
    },
    "@esbuild/linux-x64@0.25.1": {
      "integrity": "sha512-xbfUhu/gnvSEg+EGovRc+kjBAkrvtk38RlerAzQxvMzlB4fXpCFCeUAYzJvrnhFtdeyVCDANSjJvOvGYoeKzFA==",
      "os": ["linux"],
      "cpu": ["x64"]
    },
    "@esbuild/netbsd-arm64@0.25.1": {
      "integrity": "sha512-O96poM2XGhLtpTh+s4+nP7YCCAfb4tJNRVZHfIE7dgmax+yMP2WgMd2OecBuaATHKTHsLWHQeuaxMRnCsH8+5g==",
      "os": ["netbsd"],
      "cpu": ["arm64"]
    },
    "@esbuild/netbsd-x64@0.25.1": {
      "integrity": "sha512-X53z6uXip6KFXBQ+Krbx25XHV/NCbzryM6ehOAeAil7X7oa4XIq+394PWGnwaSQ2WRA0KI6PUO6hTO5zeF5ijA==",
      "os": ["netbsd"],
      "cpu": ["x64"]
    },
    "@esbuild/openbsd-arm64@0.25.1": {
      "integrity": "sha512-Na9T3szbXezdzM/Kfs3GcRQNjHzM6GzFBeU1/6IV/npKP5ORtp9zbQjvkDJ47s6BCgaAZnnnu/cY1x342+MvZg==",
      "os": ["openbsd"],
      "cpu": ["arm64"]
    },
    "@esbuild/openbsd-x64@0.25.1": {
      "integrity": "sha512-T3H78X2h1tszfRSf+txbt5aOp/e7TAz3ptVKu9Oyir3IAOFPGV6O9c2naym5TOriy1l0nNf6a4X5UXRZSGX/dw==",
      "os": ["openbsd"],
      "cpu": ["x64"]
    },
    "@esbuild/sunos-x64@0.25.1": {
      "integrity": "sha512-2H3RUvcmULO7dIE5EWJH8eubZAI4xw54H1ilJnRNZdeo8dTADEZ21w6J22XBkXqGJbe0+wnNJtw3UXRoLJnFEg==",
      "os": ["sunos"],
      "cpu": ["x64"]
    },
    "@esbuild/win32-arm64@0.25.1": {
      "integrity": "sha512-GE7XvrdOzrb+yVKB9KsRMq+7a2U/K5Cf/8grVFRAGJmfADr/e/ODQ134RK2/eeHqYV5eQRFxb1hY7Nr15fv1NQ==",
      "os": ["win32"],
      "cpu": ["arm64"]
    },
    "@esbuild/win32-ia32@0.25.1": {
      "integrity": "sha512-uOxSJCIcavSiT6UnBhBzE8wy3n0hOkJsBOzy7HDAuTDE++1DJMRRVCPGisULScHL+a/ZwdXPpXD3IyFKjA7K8A==",
      "os": ["win32"],
      "cpu": ["ia32"]
    },
    "@esbuild/win32-x64@0.25.1": {
      "integrity": "sha512-Y1EQdcfwMSeQN/ujR5VayLOJ1BHaK+ssyk0AEzPjC+t1lITgsnccPqFjb6V+LsTp/9Iov4ysfjxLaGJ9RPtkVg==",
      "os": ["win32"],
      "cpu": ["x64"]
    },
    "@rc-component/async-validator@5.0.4": {
      "integrity": "sha512-qgGdcVIF604M9EqjNF0hbUTz42bz/RDtxWdWuU5EQe3hi7M8ob54B6B35rOsvX5eSvIHIzT9iH1R3n+hk3CGfg==",
      "dependencies": [
        "@babel/runtime"
      ]
    },
    "@rc-component/color-picker@2.0.1_react@19.0.0_react-dom@19.0.0__react@19.0.0": {
      "integrity": "sha512-WcZYwAThV/b2GISQ8F+7650r5ZZJ043E57aVBFkQ+kSY4C6wdofXgB0hBx+GPGpIU0Z81eETNoDUJMr7oy/P8Q==",
      "dependencies": [
        "@ant-design/fast-color",
        "@babel/runtime",
        "classnames",
        "rc-util",
        "react",
        "react-dom"
      ]
    },
    "@rc-component/context@1.4.0_react@19.0.0_react-dom@19.0.0__react@19.0.0": {
      "integrity": "sha512-kFcNxg9oLRMoL3qki0OMxK+7g5mypjgaaJp/pkOis/6rVxma9nJBF/8kCIuTYHUQNr0ii7MxqE33wirPZLJQ2w==",
      "dependencies": [
        "@babel/runtime",
        "rc-util",
        "react",
        "react-dom"
      ]
    },
    "@rc-component/mini-decimal@1.1.0": {
      "integrity": "sha512-jS4E7T9Li2GuYwI6PyiVXmxTiM6b07rlD9Ge8uGZSCz3WlzcG5ZK7g5bbuKNeZ9pgUuPK/5guV781ujdVpm4HQ==",
      "dependencies": [
        "@babel/runtime"
      ]
    },
    "@rc-component/mutate-observer@1.1.0_react@19.0.0_react-dom@19.0.0__react@19.0.0": {
      "integrity": "sha512-QjrOsDXQusNwGZPf4/qRQasg7UFEj06XiCJ8iuiq/Io7CrHrgVi6Uuetw60WAMG1799v+aM8kyc+1L/GBbHSlw==",
      "dependencies": [
        "@babel/runtime",
        "classnames",
        "rc-util",
        "react",
        "react-dom"
      ]
    },
    "@rc-component/portal@1.1.2_react@19.0.0_react-dom@19.0.0__react@19.0.0": {
      "integrity": "sha512-6f813C0IsasTZms08kfA8kPAGxbbkYToa8ALaiDIGGECU4i9hj8Plgbx0sNJDrey3EtHO30hmdaxtT0138xZcg==",
      "dependencies": [
        "@babel/runtime",
        "classnames",
        "rc-util",
        "react",
        "react-dom"
      ]
    },
    "@rc-component/qrcode@1.0.0_react@19.0.0_react-dom@19.0.0__react@19.0.0": {
      "integrity": "sha512-L+rZ4HXP2sJ1gHMGHjsg9jlYBX/SLN2D6OxP9Zn3qgtpMWtO2vUfxVFwiogHpAIqs54FnALxraUy/BCO1yRIgg==",
      "dependencies": [
        "@babel/runtime",
        "classnames",
        "rc-util",
        "react",
        "react-dom"
      ]
    },
    "@rc-component/tour@1.15.1_react@19.0.0_react-dom@19.0.0__react@19.0.0": {
      "integrity": "sha512-Tr2t7J1DKZUpfJuDZWHxyxWpfmj8EZrqSgyMZ+BCdvKZ6r1UDsfU46M/iWAAFBy961Ssfom2kv5f3UcjIL2CmQ==",
      "dependencies": [
        "@babel/runtime",
        "@rc-component/portal",
        "@rc-component/trigger",
        "classnames",
        "rc-util",
        "react",
        "react-dom"
      ]
    },
    "@rc-component/trigger@2.2.6_react@19.0.0_react-dom@19.0.0__react@19.0.0": {
      "integrity": "sha512-/9zuTnWwhQ3S3WT1T8BubuFTT46kvnXgaERR9f4BTKyn61/wpf/BvbImzYBubzJibU707FxwbKszLlHjcLiv1Q==",
      "dependencies": [
        "@babel/runtime",
        "@rc-component/portal",
        "classnames",
        "rc-motion",
        "rc-resize-observer",
        "rc-util",
        "react",
        "react-dom"
      ]
    },
    "@rollup/rollup-android-arm-eabi@4.37.0": {
      "integrity": "sha512-l7StVw6WAa8l3vA1ov80jyetOAEo1FtHvZDbzXDO/02Sq/QVvqlHkYoFwDJPIMj0GKiistsBudfx5tGFnwYWDQ==",
      "os": ["android"],
      "cpu": ["arm"]
    },
    "@rollup/rollup-android-arm64@4.37.0": {
      "integrity": "sha512-6U3SlVyMxezt8Y+/iEBcbp945uZjJwjZimu76xoG7tO1av9VO691z8PkhzQ85ith2I8R2RddEPeSfcbyPfD4hA==",
      "os": ["android"],
      "cpu": ["arm64"]
    },
    "@rollup/rollup-darwin-arm64@4.37.0": {
      "integrity": "sha512-+iTQ5YHuGmPt10NTzEyMPbayiNTcOZDWsbxZYR1ZnmLnZxG17ivrPSWFO9j6GalY0+gV3Jtwrrs12DBscxnlYA==",
      "os": ["darwin"],
      "cpu": ["arm64"]
    },
    "@rollup/rollup-darwin-x64@4.37.0": {
      "integrity": "sha512-m8W2UbxLDcmRKVjgl5J/k4B8d7qX2EcJve3Sut7YGrQoPtCIQGPH5AMzuFvYRWZi0FVS0zEY4c8uttPfX6bwYQ==",
      "os": ["darwin"],
      "cpu": ["x64"]
    },
    "@rollup/rollup-freebsd-arm64@4.37.0": {
      "integrity": "sha512-FOMXGmH15OmtQWEt174v9P1JqqhlgYge/bUjIbiVD1nI1NeJ30HYT9SJlZMqdo1uQFyt9cz748F1BHghWaDnVA==",
      "os": ["freebsd"],
      "cpu": ["arm64"]
    },
    "@rollup/rollup-freebsd-x64@4.37.0": {
      "integrity": "sha512-SZMxNttjPKvV14Hjck5t70xS3l63sbVwl98g3FlVVx2YIDmfUIy29jQrsw06ewEYQ8lQSuY9mpAPlmgRD2iSsA==",
      "os": ["freebsd"],
      "cpu": ["x64"]
    },
    "@rollup/rollup-linux-arm-gnueabihf@4.37.0": {
      "integrity": "sha512-hhAALKJPidCwZcj+g+iN+38SIOkhK2a9bqtJR+EtyxrKKSt1ynCBeqrQy31z0oWU6thRZzdx53hVgEbRkuI19w==",
      "os": ["linux"],
      "cpu": ["arm"]
    },
    "@rollup/rollup-linux-arm-musleabihf@4.37.0": {
      "integrity": "sha512-jUb/kmn/Gd8epbHKEqkRAxq5c2EwRt0DqhSGWjPFxLeFvldFdHQs/n8lQ9x85oAeVb6bHcS8irhTJX2FCOd8Ag==",
      "os": ["linux"],
      "cpu": ["arm"]
    },
    "@rollup/rollup-linux-arm64-gnu@4.37.0": {
      "integrity": "sha512-oNrJxcQT9IcbcmKlkF+Yz2tmOxZgG9D9GRq+1OE6XCQwCVwxixYAa38Z8qqPzQvzt1FCfmrHX03E0pWoXm1DqA==",
      "os": ["linux"],
      "cpu": ["arm64"]
    },
    "@rollup/rollup-linux-arm64-musl@4.37.0": {
      "integrity": "sha512-pfxLBMls+28Ey2enpX3JvjEjaJMBX5XlPCZNGxj4kdJyHduPBXtxYeb8alo0a7bqOoWZW2uKynhHxF/MWoHaGQ==",
      "os": ["linux"],
      "cpu": ["arm64"]
    },
    "@rollup/rollup-linux-loongarch64-gnu@4.37.0": {
      "integrity": "sha512-yCE0NnutTC/7IGUq/PUHmoeZbIwq3KRh02e9SfFh7Vmc1Z7atuJRYWhRME5fKgT8aS20mwi1RyChA23qSyRGpA==",
      "os": ["linux"],
      "cpu": ["loong64"]
    },
    "@rollup/rollup-linux-powerpc64le-gnu@4.37.0": {
      "integrity": "sha512-NxcICptHk06E2Lh3a4Pu+2PEdZ6ahNHuK7o6Np9zcWkrBMuv21j10SQDJW3C9Yf/A/P7cutWoC/DptNLVsZ0VQ==",
      "os": ["linux"],
      "cpu": ["ppc64"]
    },
    "@rollup/rollup-linux-riscv64-gnu@4.37.0": {
      "integrity": "sha512-PpWwHMPCVpFZLTfLq7EWJWvrmEuLdGn1GMYcm5MV7PaRgwCEYJAwiN94uBuZev0/J/hFIIJCsYw4nLmXA9J7Pw==",
      "os": ["linux"],
      "cpu": ["riscv64"]
    },
    "@rollup/rollup-linux-riscv64-musl@4.37.0": {
      "integrity": "sha512-DTNwl6a3CfhGTAOYZ4KtYbdS8b+275LSLqJVJIrPa5/JuIufWWZ/QFvkxp52gpmguN95eujrM68ZG+zVxa8zHA==",
      "os": ["linux"],
      "cpu": ["riscv64"]
    },
    "@rollup/rollup-linux-s390x-gnu@4.37.0": {
      "integrity": "sha512-hZDDU5fgWvDdHFuExN1gBOhCuzo/8TMpidfOR+1cPZJflcEzXdCy1LjnklQdW8/Et9sryOPJAKAQRw8Jq7Tg+A==",
      "os": ["linux"],
      "cpu": ["s390x"]
    },
    "@rollup/rollup-linux-x64-gnu@4.37.0": {
      "integrity": "sha512-pKivGpgJM5g8dwj0ywBwe/HeVAUSuVVJhUTa/URXjxvoyTT/AxsLTAbkHkDHG7qQxLoW2s3apEIl26uUe08LVQ==",
      "os": ["linux"],
      "cpu": ["x64"]
    },
    "@rollup/rollup-linux-x64-musl@4.37.0": {
      "integrity": "sha512-E2lPrLKE8sQbY/2bEkVTGDEk4/49UYRVWgj90MY8yPjpnGBQ+Xi1Qnr7b7UIWw1NOggdFQFOLZ8+5CzCiz143w==",
      "os": ["linux"],
      "cpu": ["x64"]
    },
    "@rollup/rollup-win32-arm64-msvc@4.37.0": {
      "integrity": "sha512-Jm7biMazjNzTU4PrQtr7VS8ibeys9Pn29/1bm4ph7CP2kf21950LgN+BaE2mJ1QujnvOc6p54eWWiVvn05SOBg==",
      "os": ["win32"],
      "cpu": ["arm64"]
    },
    "@rollup/rollup-win32-ia32-msvc@4.37.0": {
      "integrity": "sha512-e3/1SFm1OjefWICB2Ucstg2dxYDkDTZGDYgwufcbsxTHyqQps1UQf33dFEChBNmeSsTOyrjw2JJq0zbG5GF6RA==",
      "os": ["win32"],
      "cpu": ["ia32"]
    },
    "@rollup/rollup-win32-x64-msvc@4.37.0": {
      "integrity": "sha512-LWbXUBwn/bcLx2sSsqy7pK5o+Nr+VCoRoAohfJ5C/aBio9nfJmGQqHAhU6pwxV/RmyTk5AqdySma7uwWGlmeuA==",
      "os": ["win32"],
      "cpu": ["x64"]
    },
    "@swc/core-darwin-arm64@1.11.13": {
      "integrity": "sha512-loSERhLaQ9XDS+5Kdx8cLe2tM1G0HLit8MfehipAcsdctpo79zrRlkW34elOf3tQoVPKUItV0b/rTuhjj8NtHg==",
      "os": ["darwin"],
      "cpu": ["arm64"]
    },
    "@swc/core-darwin-x64@1.11.13": {
      "integrity": "sha512-uSA4UwgsDCIysUPfPS8OrQTH2h9spO7IYFd+1NB6dJlVGUuR6jLKuMBOP1IeLeax4cGHayvkcwSJ3OvxHwgcZQ==",
      "os": ["darwin"],
      "cpu": ["x64"]
    },
    "@swc/core-linux-arm-gnueabihf@1.11.13": {
      "integrity": "sha512-boVtyJzS8g30iQfe8Q46W5QE/cmhKRln/7NMz/5sBP/am2Lce9NL0d05NnFwEWJp1e2AMGHFOdRr3Xg1cDiPKw==",
      "os": ["linux"],
      "cpu": ["arm"]
    },
    "@swc/core-linux-arm64-gnu@1.11.13": {
      "integrity": "sha512-+IK0jZ84zHUaKtwpV+T+wT0qIUBnK9v2xXD03vARubKF+eUqCsIvcVHXmLpFuap62dClMrhCiwW10X3RbXNlHw==",
      "os": ["linux"],
      "cpu": ["arm64"]
    },
    "@swc/core-linux-arm64-musl@1.11.13": {
      "integrity": "sha512-+ukuB8RHD5BHPCUjQwuLP98z+VRfu+NkKQVBcLJGgp0/+w7y0IkaxLY/aKmrAS5ofCNEGqKL+AOVyRpX1aw+XA==",
      "os": ["linux"],
      "cpu": ["arm64"]
    },
    "@swc/core-linux-x64-gnu@1.11.13": {
      "integrity": "sha512-q9H3WI3U3dfJ34tdv60zc8oTuWvSd5fOxytyAO9Pc5M82Hic3jjWaf2xBekUg07ubnMZpyfnv+MlD+EbUI3Llw==",
      "os": ["linux"],
      "cpu": ["x64"]
    },
    "@swc/core-linux-x64-musl@1.11.13": {
      "integrity": "sha512-9aaZnnq2pLdTbAzTSzy/q8dr7Woy3aYIcQISmw1+Q2/xHJg5y80ZzbWSWKYca/hKonDMjIbGR6dp299I5J0aeA==",
      "os": ["linux"],
      "cpu": ["x64"]
    },
    "@swc/core-win32-arm64-msvc@1.11.13": {
      "integrity": "sha512-n3QZmDewkHANcoHvtwvA6yJbmS4XJf0MBMmwLZoKDZ2dOnC9D/jHiXw7JOohEuzYcpLoL5tgbqmjxa3XNo9Oow==",
      "os": ["win32"],
      "cpu": ["arm64"]
    },
    "@swc/core-win32-ia32-msvc@1.11.13": {
      "integrity": "sha512-wM+Nt4lc6YSJFthCx3W2dz0EwFNf++j0/2TQ0Js9QLJuIxUQAgukhNDVCDdq8TNcT0zuA399ALYbvj5lfIqG6g==",
      "os": ["win32"],
      "cpu": ["ia32"]
    },
    "@swc/core-win32-x64-msvc@1.11.13": {
      "integrity": "sha512-+X5/uW3s1L5gK7wAo0E27YaAoidJDo51dnfKSfU7gF3mlEUuWH8H1bAy5OTt2mU4eXtfsdUMEVXSwhDlLtQkuA==",
      "os": ["win32"],
      "cpu": ["x64"]
    },
    "@swc/core@1.11.13": {
      "integrity": "sha512-9BXdYz12Wl0zWmZ80PvtjBWeg2ncwJ9L5WJzjhN6yUTZWEV/AwAdVdJnIEp4pro3WyKmAaMxcVOSbhuuOZco5g==",
      "dependencies": [
        "@swc/counter",
        "@swc/types"
      ],
      "optionalDependencies": [
        "@swc/core-darwin-arm64",
        "@swc/core-darwin-x64",
        "@swc/core-linux-arm-gnueabihf",
        "@swc/core-linux-arm64-gnu",
        "@swc/core-linux-arm64-musl",
        "@swc/core-linux-x64-gnu",
        "@swc/core-linux-x64-musl",
        "@swc/core-win32-arm64-msvc",
        "@swc/core-win32-ia32-msvc",
        "@swc/core-win32-x64-msvc"
      ],
      "scripts": true
    },
    "@swc/counter@0.1.3": {
      "integrity": "sha512-e2BR4lsJkkRlKZ/qCHPw9ZaSxc0MVUd7gtbtaB7aMvHeJVYe8sOB8DBZkP2DtISHGSku9sCK6T6cnY0CtXrOCQ=="
    },
    "@swc/types@0.1.20": {
      "integrity": "sha512-/rlIpxwKrhz4BIplXf6nsEHtqlhzuNN34/k3kMAXH4/lvVoA3cdq+60aqVNnyvw2uITEaCi0WV3pxBe4dQqoXQ==",
      "dependencies": [
        "@swc/counter"
      ]
    },
    "@types/estree@1.0.6": {
      "integrity": "sha512-AYnb1nQyY49te+VRAVgmzfcgjYS91mY5P0TKUDCLEM+gNnA+3T6rWITXRLYCpahpqSQbN5cE+gHpnPyXjHWxcw=="
    },
    "@types/react-dom@19.0.4_@types+react@19.0.12": {
      "integrity": "sha512-4fSQ8vWFkg+TGhePfUzVmat3eC14TXYSsiiDSLI0dVLsrm9gZFABjPy/Qu6TKgl1tq1Bu1yDsuQgY3A3DOjCcg==",
      "dependencies": [
        "@types/react"
      ]
    },
    "@types/react@19.0.12": {
      "integrity": "sha512-V6Ar115dBDrjbtXSrS+/Oruobc+qVbbUxDFC1RSbRqLt5SYvxxyIDrSC85RWml54g+jfNeEMZhEj7wW07ONQhA==",
      "dependencies": [
        "csstype"
      ]
    },
    "@vitejs/plugin-react-swc@3.8.1_vite@6.2.3": {
      "integrity": "sha512-aEUPCckHDcFyxpwFm0AIkbtv6PpUp3xTb9wYGFjtABynXjCYKkWoxX0AOK9NT9XCrdk6mBBUOeHQS+RKdcNO1A==",
      "dependencies": [
        "@swc/core",
        "vite"
      ]
    },
    "antd@5.24.5_react@19.0.0_react-dom@19.0.0__react@19.0.0_dayjs@1.11.13": {
      "integrity": "sha512-1lAv/G+9ewQanyoAo3JumQmIlVxwo5QwWGb6QCHYc40Cq0NxC/EzITcjsgq1PSaTUpLkKq8A2l7Fjtu47vqQBg==",
      "dependencies": [
        "@ant-design/colors",
        "@ant-design/cssinjs",
        "@ant-design/cssinjs-utils",
        "@ant-design/fast-color",
        "@ant-design/icons",
        "@ant-design/react-slick",
        "@babel/runtime",
        "@rc-component/color-picker",
        "@rc-component/mutate-observer",
        "@rc-component/qrcode",
        "@rc-component/tour",
        "@rc-component/trigger",
        "classnames",
        "copy-to-clipboard",
        "dayjs",
        "rc-cascader",
        "rc-checkbox",
        "rc-collapse",
        "rc-dialog",
        "rc-drawer",
        "rc-dropdown",
        "rc-field-form",
        "rc-image",
        "rc-input",
        "rc-input-number",
        "rc-mentions",
        "rc-menu",
        "rc-motion",
        "rc-notification",
        "rc-pagination",
        "rc-picker",
        "rc-progress",
        "rc-rate",
        "rc-resize-observer",
        "rc-segmented",
        "rc-select",
        "rc-slider",
        "rc-steps",
        "rc-switch",
        "rc-table",
        "rc-tabs",
        "rc-textarea",
        "rc-tooltip",
        "rc-tree",
        "rc-tree-select",
        "rc-upload",
        "rc-util",
        "react",
        "react-dom",
        "scroll-into-view-if-needed",
        "throttle-debounce"
      ]
    },
    "classnames@2.5.1": {
      "integrity": "sha512-saHYOzhIQs6wy2sVxTM6bUDsQO4F50V9RQ22qBpEdCW+I+/Wmke2HOl6lS6dTpdxVhb88/I6+Hs+438c3lfUow=="
    },
    "compute-scroll-into-view@3.1.1": {
      "integrity": "sha512-VRhuHOLoKYOy4UbilLbUzbYg93XLjv2PncJC50EuTWPA3gaja1UjBsUP/D/9/juV3vQFr6XBEzn9KCAHdUvOHw=="
    },
    "copy-to-clipboard@3.3.3": {
      "integrity": "sha512-2KV8NhB5JqC3ky0r9PMCAZKbUHSwtEo4CwCs0KXgruG43gX5PMqDEBbVU4OUzw2MuAWUfsuFmWvEKG5QRfSnJA==",
      "dependencies": [
        "toggle-selection"
      ]
    },
    "csstype@3.1.3": {
      "integrity": "sha512-M1uQkMl8rQK/szD0LNhtqxIPLpimGm8sOBwU7lLnCpSbTyY3yeU1Vc7l4KT5zT4s/yOxHH5O7tIuuLOCnLADRw=="
    },
    "dayjs@1.11.13": {
      "integrity": "sha512-oaMBel6gjolK862uaPQOVTA7q3TZhuSvuMQAAglQDOWYO9A91IrAOUJEyKVlqJlHE0vq5p5UXxzdPfMH/x6xNg=="
    },
    "esbuild@0.25.1": {
      "integrity": "sha512-BGO5LtrGC7vxnqucAe/rmvKdJllfGaYWdyABvyMoXQlfYMb2bbRuReWR5tEGE//4LcNJj9XrkovTqNYRFZHAMQ==",
      "optionalDependencies": [
        "@esbuild/aix-ppc64",
        "@esbuild/android-arm",
        "@esbuild/android-arm64",
        "@esbuild/android-x64",
        "@esbuild/darwin-arm64",
        "@esbuild/darwin-x64",
        "@esbuild/freebsd-arm64",
        "@esbuild/freebsd-x64",
        "@esbuild/linux-arm",
        "@esbuild/linux-arm64",
        "@esbuild/linux-ia32",
        "@esbuild/linux-loong64",
        "@esbuild/linux-mips64el",
        "@esbuild/linux-ppc64",
        "@esbuild/linux-riscv64",
        "@esbuild/linux-s390x",
        "@esbuild/linux-x64",
        "@esbuild/netbsd-arm64",
        "@esbuild/netbsd-x64",
        "@esbuild/openbsd-arm64",
        "@esbuild/openbsd-x64",
        "@esbuild/sunos-x64",
        "@esbuild/win32-arm64",
        "@esbuild/win32-ia32",
        "@esbuild/win32-x64"
      ],
      "scripts": true,
      "bin": true
    },
    "fsevents@2.3.3": {
      "integrity": "sha512-5xoDfX+fL7faATnagmWPpbFtwh/R77WmMMqqHGS65C3vvB0YHrgF+B1YmZ3441tMj5n63k0212XNoJwzlhffQw==",
      "os": ["darwin"],
      "scripts": true
    },
    "json2mq@0.2.0": {
      "integrity": "sha512-SzoRg7ux5DWTII9J2qkrZrqV1gt+rTaoufMxEzXbS26Uid0NwaJd123HcoB80TgubEppxxIGdNxCx50fEoEWQA==",
      "dependencies": [
        "string-convert"
      ]
    },
    "nanoid@3.3.11": {
      "integrity": "sha512-N8SpfPUnUp1bK+PMYW8qSWdl9U+wwNWI4QKxOYDy9JAro3WMX7p2OeVRF9v+347pnakNevPmiHhNmZ2HbFA76w==",
      "bin": true
    },
    "picocolors@1.1.1": {
      "integrity": "sha512-xceH2snhtb5M9liqDsmEw56le376mTZkEX/jEb/RxNFyegNul7eNslCXP9FDj/Lcu0X8KEyMceP2ntpaHrDEVA=="
    },
    "postcss@8.5.3": {
      "integrity": "sha512-dle9A3yYxlBSrt8Fu+IpjGT8SY8hN0mlaA6GY8t0P5PjIOZemULz/E2Bnm/2dcUOena75OTNkHI76uZBNUUq3A==",
      "dependencies": [
        "nanoid",
        "picocolors",
        "source-map-js"
      ]
    },
    "rc-cascader@3.33.1_react@19.0.0_react-dom@19.0.0__react@19.0.0": {
      "integrity": "sha512-Kyl4EJ7ZfCBuidmZVieegcbFw0RcU5bHHSbtEdmuLYd0fYHCAiYKZ6zon7fWAVyC6rWWOOib0XKdTSf7ElC9rg==",
      "dependencies": [
        "@babel/runtime",
        "classnames",
        "rc-select",
        "rc-tree",
        "rc-util",
        "react",
        "react-dom"
      ]
    },
    "rc-checkbox@3.5.0_react@19.0.0_react-dom@19.0.0__react@19.0.0": {
      "integrity": "sha512-aOAQc3E98HteIIsSqm6Xk2FPKIER6+5vyEFMZfo73TqM+VVAIqOkHoPjgKLqSNtVLWScoaM7vY2ZrGEheI79yg==",
      "dependencies": [
        "@babel/runtime",
        "classnames",
        "rc-util",
        "react",
        "react-dom"
      ]
    },
    "rc-collapse@3.9.0_react@19.0.0_react-dom@19.0.0__react@19.0.0": {
      "integrity": "sha512-swDdz4QZ4dFTo4RAUMLL50qP0EY62N2kvmk2We5xYdRwcRn8WcYtuetCJpwpaCbUfUt5+huLpVxhvmnK+PHrkA==",
      "dependencies": [
        "@babel/runtime",
        "classnames",
        "rc-motion",
        "rc-util",
        "react",
        "react-dom"
      ]
    },
    "rc-dialog@9.6.0_react@19.0.0_react-dom@19.0.0__react@19.0.0": {
      "integrity": "sha512-ApoVi9Z8PaCQg6FsUzS8yvBEQy0ZL2PkuvAgrmohPkN3okps5WZ5WQWPc1RNuiOKaAYv8B97ACdsFU5LizzCqg==",
      "dependencies": [
        "@babel/runtime",
        "@rc-component/portal",
        "classnames",
        "rc-motion",
        "rc-util",
        "react",
        "react-dom"
      ]
    },
    "rc-drawer@7.2.0_react@19.0.0_react-dom@19.0.0__react@19.0.0": {
      "integrity": "sha512-9lOQ7kBekEJRdEpScHvtmEtXnAsy+NGDXiRWc2ZVC7QXAazNVbeT4EraQKYwCME8BJLa8Bxqxvs5swwyOepRwg==",
      "dependencies": [
        "@babel/runtime",
        "@rc-component/portal",
        "classnames",
        "rc-motion",
        "rc-util",
        "react",
        "react-dom"
      ]
    },
    "rc-dropdown@4.2.1_react@19.0.0_react-dom@19.0.0__react@19.0.0": {
      "integrity": "sha512-YDAlXsPv3I1n42dv1JpdM7wJ+gSUBfeyPK59ZpBD9jQhK9jVuxpjj3NmWQHOBceA1zEPVX84T2wbdb2SD0UjmA==",
      "dependencies": [
        "@babel/runtime",
        "@rc-component/trigger",
        "classnames",
        "rc-util",
        "react",
        "react-dom"
      ]
    },
    "rc-field-form@2.7.0_react@19.0.0_react-dom@19.0.0__react@19.0.0": {
      "integrity": "sha512-hgKsCay2taxzVnBPZl+1n4ZondsV78G++XVsMIJCAoioMjlMQR9YwAp7JZDIECzIu2Z66R+f4SFIRrO2DjDNAA==",
      "dependencies": [
        "@babel/runtime",
        "@rc-component/async-validator",
        "rc-util",
        "react",
        "react-dom"
      ]
    },
    "rc-image@7.11.1_react@19.0.0_react-dom@19.0.0__react@19.0.0": {
      "integrity": "sha512-XuoWx4KUXg7hNy5mRTy1i8c8p3K8boWg6UajbHpDXS5AlRVucNfTi5YxTtPBTBzegxAZpvuLfh3emXFt6ybUdA==",
      "dependencies": [
        "@babel/runtime",
        "@rc-component/portal",
        "classnames",
        "rc-dialog",
        "rc-motion",
        "rc-util",
        "react",
        "react-dom"
      ]
    },
    "rc-input-number@9.4.0_react@19.0.0_react-dom@19.0.0__react@19.0.0": {
      "integrity": "sha512-Tiy4DcXcFXAf9wDhN8aUAyMeCLHJUHA/VA/t7Hj8ZEx5ETvxG7MArDOSE6psbiSCo+vJPm4E3fGN710ITVn6GA==",
      "dependencies": [
        "@babel/runtime",
        "@rc-component/mini-decimal",
        "classnames",
        "rc-input",
        "rc-util",
        "react",
        "react-dom"
      ]
    },
    "rc-input@1.7.3_react@19.0.0_react-dom@19.0.0__react@19.0.0": {
      "integrity": "sha512-A5w4egJq8+4JzlQ55FfQjDnPvOaAbzwC3VLOAdOytyek3TboSOP9qxN+Gifup+shVXfvecBLBbWBpWxmk02SWQ==",
      "dependencies": [
        "@babel/runtime",
        "classnames",
        "rc-util",
        "react",
        "react-dom"
      ]
    },
    "rc-mentions@2.19.1_react@19.0.0_react-dom@19.0.0__react@19.0.0": {
      "integrity": "sha512-KK3bAc/bPFI993J3necmaMXD2reZTzytZdlTvkeBbp50IGH1BDPDvxLdHDUrpQx2b2TGaVJsn+86BvYa03kGqA==",
      "dependencies": [
        "@babel/runtime",
        "@rc-component/trigger",
        "classnames",
        "rc-input",
        "rc-menu",
        "rc-textarea",
        "rc-util",
        "react",
        "react-dom"
      ]
    },
    "rc-menu@9.16.1_react@19.0.0_react-dom@19.0.0__react@19.0.0": {
      "integrity": "sha512-ghHx6/6Dvp+fw8CJhDUHFHDJ84hJE3BXNCzSgLdmNiFErWSOaZNsihDAsKq9ByTALo/xkNIwtDFGIl6r+RPXBg==",
      "dependencies": [
        "@babel/runtime",
        "@rc-component/trigger",
        "classnames",
        "rc-motion",
        "rc-overflow",
        "rc-util",
        "react",
        "react-dom"
      ]
    },
    "rc-motion@2.9.5_react@19.0.0_react-dom@19.0.0__react@19.0.0": {
      "integrity": "sha512-w+XTUrfh7ArbYEd2582uDrEhmBHwK1ZENJiSJVb7uRxdE7qJSYjbO2eksRXmndqyKqKoYPc9ClpPh5242mV1vA==",
      "dependencies": [
        "@babel/runtime",
        "classnames",
        "rc-util",
        "react",
        "react-dom"
      ]
    },
    "rc-notification@5.6.3_react@19.0.0_react-dom@19.0.0__react@19.0.0": {
      "integrity": "sha512-42szwnn8VYQoT6GnjO00i1iwqV9D1TTMvxObWsuLwgl0TsOokzhkYiufdtQBsJMFjJravS1hfDKVMHLKLcPE4g==",
      "dependencies": [
        "@babel/runtime",
        "classnames",
        "rc-motion",
        "rc-util",
        "react",
        "react-dom"
      ]
    },
    "rc-overflow@1.4.1_react@19.0.0_react-dom@19.0.0__react@19.0.0": {
      "integrity": "sha512-3MoPQQPV1uKyOMVNd6SZfONi+f3st0r8PksexIdBTeIYbMX0Jr+k7pHEDvsXtR4BpCv90/Pv2MovVNhktKrwvw==",
      "dependencies": [
        "@babel/runtime",
        "classnames",
        "rc-resize-observer",
        "rc-util",
        "react",
        "react-dom"
      ]
    },
    "rc-pagination@5.1.0_react@19.0.0_react-dom@19.0.0__react@19.0.0": {
      "integrity": "sha512-8416Yip/+eclTFdHXLKTxZvn70duYVGTvUUWbckCCZoIl3jagqke3GLsFrMs0bsQBikiYpZLD9206Ej4SOdOXQ==",
      "dependencies": [
        "@babel/runtime",
        "classnames",
        "rc-util",
        "react",
        "react-dom"
      ]
    },
    "rc-picker@4.11.3_dayjs@1.11.13_react@19.0.0_react-dom@19.0.0__react@19.0.0": {
      "integrity": "sha512-MJ5teb7FlNE0NFHTncxXQ62Y5lytq6sh5nUw0iH8OkHL/TjARSEvSHpr940pWgjGANpjCwyMdvsEV55l5tYNSg==",
      "dependencies": [
        "@babel/runtime",
        "@rc-component/trigger",
        "classnames",
        "dayjs",
        "rc-overflow",
        "rc-resize-observer",
        "rc-util",
        "react",
        "react-dom"
      ],
      "optionalPeers": [
        "dayjs"
      ]
    },
    "rc-progress@4.0.0_react@19.0.0_react-dom@19.0.0__react@19.0.0": {
      "integrity": "sha512-oofVMMafOCokIUIBnZLNcOZFsABaUw8PPrf1/y0ZBvKZNpOiu5h4AO9vv11Sw0p4Hb3D0yGWuEattcQGtNJ/aw==",
      "dependencies": [
        "@babel/runtime",
        "classnames",
        "rc-util",
        "react",
        "react-dom"
      ]
    },
    "rc-rate@2.13.1_react@19.0.0_react-dom@19.0.0__react@19.0.0": {
      "integrity": "sha512-QUhQ9ivQ8Gy7mtMZPAjLbxBt5y9GRp65VcUyGUMF3N3fhiftivPHdpuDIaWIMOTEprAjZPC08bls1dQB+I1F2Q==",
      "dependencies": [
        "@babel/runtime",
        "classnames",
        "rc-util",
        "react",
        "react-dom"
      ]
    },
    "rc-resize-observer@1.4.3_react@19.0.0_react-dom@19.0.0__react@19.0.0": {
      "integrity": "sha512-YZLjUbyIWox8E9i9C3Tm7ia+W7euPItNWSPX5sCcQTYbnwDb5uNpnLHQCG1f22oZWUhLw4Mv2tFmeWe68CDQRQ==",
      "dependencies": [
        "@babel/runtime",
        "classnames",
        "rc-util",
        "react",
        "react-dom",
        "resize-observer-polyfill"
      ]
    },
    "rc-segmented@2.7.0_react@19.0.0_react-dom@19.0.0__react@19.0.0": {
      "integrity": "sha512-liijAjXz+KnTRVnxxXG2sYDGd6iLL7VpGGdR8gwoxAXy2KglviKCxLWZdjKYJzYzGSUwKDSTdYk8brj54Bn5BA==",
      "dependencies": [
        "@babel/runtime",
        "classnames",
        "rc-motion",
        "rc-util",
        "react",
        "react-dom"
      ]
    },
    "rc-select@14.16.6_react@19.0.0_react-dom@19.0.0__react@19.0.0": {
      "integrity": "sha512-YPMtRPqfZWOm2XGTbx5/YVr1HT0vn//8QS77At0Gjb3Lv+Lbut0IORJPKLWu1hQ3u4GsA0SrDzs7nI8JG7Zmyg==",
      "dependencies": [
        "@babel/runtime",
        "@rc-component/trigger",
        "classnames",
        "rc-motion",
        "rc-overflow",
        "rc-util",
        "rc-virtual-list",
        "react",
        "react-dom"
      ]
    },
    "rc-slider@11.1.8_react@19.0.0_react-dom@19.0.0__react@19.0.0": {
      "integrity": "sha512-2gg/72YFSpKP+Ja5AjC5DPL1YnV8DEITDQrcc1eASrUYjl0esptaBVJBh5nLTXCCp15eD8EuGjwezVGSHhs9tQ==",
      "dependencies": [
        "@babel/runtime",
        "classnames",
        "rc-util",
        "react",
        "react-dom"
      ]
    },
    "rc-steps@6.0.1_react@19.0.0_react-dom@19.0.0__react@19.0.0": {
      "integrity": "sha512-lKHL+Sny0SeHkQKKDJlAjV5oZ8DwCdS2hFhAkIjuQt1/pB81M0cA0ErVFdHq9+jmPmFw1vJB2F5NBzFXLJxV+g==",
      "dependencies": [
        "@babel/runtime",
        "classnames",
        "rc-util",
        "react",
        "react-dom"
      ]
    },
    "rc-switch@4.1.0_react@19.0.0_react-dom@19.0.0__react@19.0.0": {
      "integrity": "sha512-TI8ufP2Az9oEbvyCeVE4+90PDSljGyuwix3fV58p7HV2o4wBnVToEyomJRVyTaZeqNPAp+vqeo4Wnj5u0ZZQBg==",
      "dependencies": [
        "@babel/runtime",
        "classnames",
        "rc-util",
        "react",
        "react-dom"
      ]
    },
    "rc-table@7.50.4_react@19.0.0_react-dom@19.0.0__react@19.0.0": {
      "integrity": "sha512-Y+YuncnQqoS5e7yHvfvlv8BmCvwDYDX/2VixTBEhkMDk9itS9aBINp4nhzXFKiBP/frG4w0pS9d9Rgisl0T1Bw==",
      "dependencies": [
        "@babel/runtime",
        "@rc-component/context",
        "classnames",
        "rc-resize-observer",
        "rc-util",
        "rc-virtual-list",
        "react",
        "react-dom"
      ]
    },
    "rc-tabs@15.5.1_react@19.0.0_react-dom@19.0.0__react@19.0.0": {
      "integrity": "sha512-yiWivLAjEo5d1v2xlseB2dQocsOhkoVSfo1krS8v8r+02K+TBUjSjXIf7dgyVSxp6wRIPv5pMi5hanNUlQMgUA==",
      "dependencies": [
        "@babel/runtime",
        "classnames",
        "rc-dropdown",
        "rc-menu",
        "rc-motion",
        "rc-resize-observer",
        "rc-util",
        "react",
        "react-dom"
      ]
    },
    "rc-textarea@1.9.0_react@19.0.0_react-dom@19.0.0__react@19.0.0": {
      "integrity": "sha512-dQW/Bc/MriPBTugj2Kx9PMS5eXCCGn2cxoIaichjbNvOiARlaHdI99j4DTxLl/V8+PIfW06uFy7kjfUIDDKyxQ==",
      "dependencies": [
        "@babel/runtime",
        "classnames",
        "rc-input",
        "rc-resize-observer",
        "rc-util",
        "react",
        "react-dom"
      ]
    },
    "rc-tooltip@6.4.0_react@19.0.0_react-dom@19.0.0__react@19.0.0": {
      "integrity": "sha512-kqyivim5cp8I5RkHmpsp1Nn/Wk+1oeloMv9c7LXNgDxUpGm+RbXJGL+OPvDlcRnx9DBeOe4wyOIl4OKUERyH1g==",
      "dependencies": [
        "@babel/runtime",
        "@rc-component/trigger",
        "classnames",
        "rc-util",
        "react",
        "react-dom"
      ]
    },
    "rc-tree-select@5.27.0_react@19.0.0_react-dom@19.0.0__react@19.0.0": {
      "integrity": "sha512-2qTBTzwIT7LRI1o7zLyrCzmo5tQanmyGbSaGTIf7sYimCklAToVVfpMC6OAldSKolcnjorBYPNSKQqJmN3TCww==",
      "dependencies": [
        "@babel/runtime",
        "classnames",
        "rc-select",
        "rc-tree",
        "rc-util",
        "react",
        "react-dom"
      ]
    },
    "rc-tree@5.13.1_react@19.0.0_react-dom@19.0.0__react@19.0.0": {
      "integrity": "sha512-FNhIefhftobCdUJshO7M8uZTA9F4OPGVXqGfZkkD/5soDeOhwO06T/aKTrg0WD8gRg/pyfq+ql3aMymLHCTC4A==",
      "dependencies": [
        "@babel/runtime",
        "classnames",
        "rc-motion",
        "rc-util",
        "rc-virtual-list",
        "react",
        "react-dom"
      ]
    },
    "rc-upload@4.8.1_react@19.0.0_react-dom@19.0.0__react@19.0.0": {
      "integrity": "sha512-toEAhwl4hjLAI1u8/CgKWt30BR06ulPa4iGQSMvSXoHzO88gPCslxqV/mnn4gJU7PDoltGIC9Eh+wkeudqgHyw==",
      "dependencies": [
        "@babel/runtime",
        "classnames",
        "rc-util",
        "react",
        "react-dom"
      ]
    },
    "rc-util@5.44.4_react@19.0.0_react-dom@19.0.0__react@19.0.0": {
      "integrity": "sha512-resueRJzmHG9Q6rI/DfK6Kdv9/Lfls05vzMs1Sk3M2P+3cJa+MakaZyWY8IPfehVuhPJFKrIY1IK4GqbiaiY5w==",
      "dependencies": [
        "@babel/runtime",
        "react",
        "react-dom",
        "react-is"
      ]
    },
    "rc-virtual-list@3.18.5_react@19.0.0_react-dom@19.0.0__react@19.0.0": {
      "integrity": "sha512-1FuxVSxhzTj3y8k5xMPbhXCB0t2TOiI3Tq+qE2Bu+GGV7f+ECVuQl4OUg6lZ2qT5fordTW7CBpr9czdzXCI7Pg==",
      "dependencies": [
        "@babel/runtime",
        "classnames",
        "rc-resize-observer",
        "rc-util",
        "react",
        "react-dom"
      ]
    },
    "react-dom@19.0.0_react@19.0.0": {
      "integrity": "sha512-4GV5sHFG0e/0AD4X+ySy6UJd3jVl1iNsNHdpad0qhABJ11twS3TTBnseqsKurKcsNqCEFeGL3uLpVChpIO3QfQ==",
      "dependencies": [
        "react",
        "scheduler"
      ]
    },
    "react-is@18.3.1": {
      "integrity": "sha512-/LLMVyas0ljjAtoYiPqYiL8VWXzUUdThrmU5+n20DZv+a+ClRoevUzw5JxU+Ieh5/c87ytoTBV9G1FiKfNJdmg=="
    },
    "react@19.0.0": {
      "integrity": "sha512-V8AVnmPIICiWpGfm6GLzCR/W5FXLchHop40W4nXBmdlEceh16rCN8O8LNWm5bh5XUX91fh7KpA+W0TgMKmgTpQ=="
    },
    "regenerator-runtime@0.14.1": {
      "integrity": "sha512-dYnhHh0nJoMfnkZs6GmmhFknAGRrLznOu5nc9ML+EJxGvrx6H7teuevqVqCuPcPK//3eDrrjQhehXVx9cnkGdw=="
    },
    "resize-observer-polyfill@1.5.1": {
      "integrity": "sha512-LwZrotdHOo12nQuZlHEmtuXdqGoOD0OhaxopaNFxWzInpEgaLWoVuAMbTzixuosCx2nEG58ngzW3vxdWoxIgdg=="
    },
    "rollup@4.37.0": {
      "integrity": "sha512-iAtQy/L4QFU+rTJ1YUjXqJOJzuwEghqWzCEYD2FEghT7Gsy1VdABntrO4CLopA5IkflTyqNiLNwPcOJ3S7UKLg==",
      "dependencies": [
        "@types/estree"
      ],
      "optionalDependencies": [
        "@rollup/rollup-android-arm-eabi",
        "@rollup/rollup-android-arm64",
        "@rollup/rollup-darwin-arm64",
        "@rollup/rollup-darwin-x64",
        "@rollup/rollup-freebsd-arm64",
        "@rollup/rollup-freebsd-x64",
        "@rollup/rollup-linux-arm-gnueabihf",
        "@rollup/rollup-linux-arm-musleabihf",
        "@rollup/rollup-linux-arm64-gnu",
        "@rollup/rollup-linux-arm64-musl",
        "@rollup/rollup-linux-loongarch64-gnu",
        "@rollup/rollup-linux-powerpc64le-gnu",
        "@rollup/rollup-linux-riscv64-gnu",
        "@rollup/rollup-linux-riscv64-musl",
        "@rollup/rollup-linux-s390x-gnu",
        "@rollup/rollup-linux-x64-gnu",
        "@rollup/rollup-linux-x64-musl",
        "@rollup/rollup-win32-arm64-msvc",
        "@rollup/rollup-win32-ia32-msvc",
        "@rollup/rollup-win32-x64-msvc",
        "fsevents"
      ],
      "bin": true
    },
    "scheduler@0.25.0": {
      "integrity": "sha512-xFVuu11jh+xcO7JOAGJNOXld8/TcEHK/4CituBUeUb5hqxJLj9YuemAEuvm9gQ/+pgXYfbQuqAkiYu+u7YEsNA=="
    },
    "scroll-into-view-if-needed@3.1.0": {
      "integrity": "sha512-49oNpRjWRvnU8NyGVmUaYG4jtTkNonFZI86MmGRDqBphEK2EXT9gdEUoQPZhuBM8yWHxCWbobltqYO5M4XrUvQ==",
      "dependencies": [
        "compute-scroll-into-view"
      ]
    },
    "source-map-js@1.2.1": {
      "integrity": "sha512-UXWMKhLOwVKb728IUtQPXxfYU+usdybtUrK/8uGE8CQMvrhOpwvzDBwj0QhSL7MQc7vIsISBG8VQ8+IDQxpfQA=="
    },
    "string-convert@0.2.1": {
      "integrity": "sha512-u/1tdPl4yQnPBjnVrmdLo9gtuLvELKsAoRapekWggdiQNvvvum+jYF329d84NAa660KQw7pB2n36KrIKVoXa3A=="
    },
    "stylis@4.3.6": {
      "integrity": "sha512-yQ3rwFWRfwNUY7H5vpU0wfdkNSnvnJinhF9830Swlaxl03zsOjCfmX0ugac+3LtK0lYSgwL/KXc8oYL3mG4YFQ=="
    },
    "throttle-debounce@5.0.2": {
      "integrity": "sha512-B71/4oyj61iNH0KeCamLuE2rmKuTO5byTOSVwECM5FA7TiAiAW+UqTKZ9ERueC4qvgSttUhdmq1mXC3kJqGX7A=="
    },
    "toggle-selection@1.0.6": {
      "integrity": "sha512-BiZS+C1OS8g/q2RRbJmy59xpyghNBqrr6k5L/uKBGRsTfxmu3ffiRnd8mlGPUVayg8pvfi5urfnu8TU7DVOkLQ=="
    },
    "vite@6.2.3": {
      "integrity": "sha512-IzwM54g4y9JA/xAeBPNaDXiBF8Jsgl3VBQ2YQ/wOY6fyW3xMdSoltIV3Bo59DErdqdE6RxUfv8W69DvUorE4Eg==",
      "dependencies": [
        "esbuild",
        "postcss",
        "rollup"
      ],
      "optionalDependencies": [
        "fsevents"
      ],
      "bin": true
    }
  },
  "workspace": {
    "dependencies": [
      "npm:@ant-design/icons@^5.3.0",
      "npm:@deno/vite-plugin@^1.0.4",
      "npm:@types/react-dom@^19.0.4",
      "npm:@types/react@^19.0.10",
      "npm:@vitejs/plugin-react-swc@^3.8.0",
      "npm:antd@^5.15.0",
      "npm:react-dom@19",
      "npm:react@19",
      "npm:vite@^6.1.1"
    ]
  }
}
